
Microsoft Visual Studio Solution File, Format Version 12.00
# Visual Studio Version 16
VisualStudioVersion = 16.0.30413.136
MinimumVisualStudioVersion = 10.0.40219.1
Project("{FAE04EC0-301F-11D3-BF4B-00C04F79EFBC}") = "LeafMachine", "LeafMachine\LeafMachine.csproj", "{ABF4A758-B4D4-4AD1-AA20-BFDC6A225092}"
EndProject
Project("{FAE04EC0-301F-11D3-BF4B-00C04F79EFBC}") = "LeafMachineTests", "LeafMachineTests\LeafMachineTests.csproj", "{8F38C719-D8A2-4A54-8584-B9F8D10ADE6E}"
EndProject
Global
	GlobalSection(SolutionConfigurationPlatforms) = preSolution
		Debug|Any CPU = Debug|Any CPU
		Release|Any CPU = Release|Any CPU
	EndGlobalSection
	GlobalSection(ProjectConfigurationPlatforms) = postSolution
		{ABF4A758-B4D4-4AD1-AA20-BFDC6A225092}.Debug|Any CPU.ActiveCfg = Debug|Any CPU
		{ABF4A758-B4D4-4AD1-AA20-BFDC6A225092}.Debug|Any CPU.Build.0 = Debug|Any CPU
		{ABF4A758-B4D4-4AD1-AA20-BFDC6A225092}.Release|Any CPU.ActiveCfg = Release|Any CPU
		{ABF4A758-B4D4-4AD1-AA20-BFDC6A225092}.Release|Any CPU.Build.0 = Release|Any CPU
		{8F38C719-D8A2-4A54-8584-B9F8D10ADE6E}.Debug|Any CPU.ActiveCfg = Debug|Any CPU
		{8F38C719-D8A2-4A54-8584-B9F8D10ADE6E}.Debug|Any CPU.Build.0 = Debug|Any CPU
		{8F38C719-D8A2-4A54-8584-B9F8D10ADE6E}.Release|Any CPU.ActiveCfg = Release|Any CPU
		{8F38C719-D8A2-4A54-8584-B9F8D10ADE6E}.Release|Any CPU.Build.0 = Release|Any CPU
	EndGlobalSection
	GlobalSection(SolutionProperties) = preSolution
		HideSolutionNode = FALSE
	EndGlobalSection
	GlobalSection(ExtensibilityGlobals) = postSolution
		SolutionGuid = {6329EEA0-0134-42CD-A86B-F3A78DC3C60D}
	EndGlobalSection
EndGlobal
